{
  "name": "toolbarr",
  "lockfileVersion": 3,
  "requires": true,
  "packages": {
    "": {
      "dependencies": {
        "@fortawesome/free-brands-svg-icons": "^6.3.0",
        "@fortawesome/free-solid-svg-icons": "^6.3.0",
        "svelte-fa": "^3.0.3",
        "svelte-toasts": "^1.1.2",
        "sveltestrap": "^5.10.0"
      }
    },
    "node_modules/@fortawesome/fontawesome-common-types": {
      "version": "6.3.0",
      "resolved": "https://registry.npmjs.org/@fortawesome/fontawesome-common-types/-/fontawesome-common-types-6.3.0.tgz",
      "integrity": "sha512-4BC1NMoacEBzSXRwKjZ/X/gmnbp/HU5Qqat7E8xqorUtBFZS+bwfGH5/wqOC2K6GV0rgEobp3OjGRMa5fK9pFg==",
      "hasInstallScript": true,
      "engines": {
        "node": ">=6"
      }
    },
    "node_modules/@fortawesome/free-brands-svg-icons": {
      "version": "6.3.0",
      "resolved": "https://registry.npmjs.org/@fortawesome/free-brands-svg-icons/-/free-brands-svg-icons-6.3.0.tgz",
      "integrity": "sha512-xI0c+a8xnKItAXCN8rZgCNCJQiVAd2Y7p9e2ND6zN3J3ekneu96qrePieJ7yA7073C1JxxoM3vH1RU7rYsaj8w==",
      "hasInstallScript": true,
      "dependencies": {
        "@fortawesome/fontawesome-common-types": "6.3.0"
      },
      "engines": {
        "node": ">=6"
      }
    },
    "node_modules/@fortawesome/free-solid-svg-icons": {
      "version": "6.3.0",
      "resolved": "https://registry.npmjs.org/@fortawesome/free-solid-svg-icons/-/free-solid-svg-icons-6.3.0.tgz",
      "integrity": "sha512-x5tMwzF2lTH8pyv8yeZRodItP2IVlzzmBuD1M7BjawWgg9XAvktqJJ91Qjgoaf8qJpHQ8FEU9VxRfOkLhh86QA==",
      "hasInstallScript": true,
      "dependencies": {
        "@fortawesome/fontawesome-common-types": "6.3.0"
      },
      "engines": {
        "node": ">=6"
      }
    },
    "node_modules/@popperjs/core": {
      "version": "2.11.6",
      "resolved": "https://registry.npmjs.org/@popperjs/core/-/core-2.11.6.tgz",
      "integrity": "sha512-50/17A98tWUfQ176raKiOGXuYpLyyVMkxxG6oylzL3BPOlA6ADGdK7EYunSa4I064xerltq9TGXs8HmOk5E+vw==",
      "funding": {
        "type": "opencollective",
        "url": "https://opencollective.com/popperjs"
      }
    },
    "node_modules/svelte": {
      "version": "3.55.1",
      "resolved": "https://registry.npmjs.org/svelte/-/svelte-3.55.1.tgz",
      "integrity": "sha512-S+87/P0Ve67HxKkEV23iCdAh/SX1xiSfjF1HOglno/YTbSTW7RniICMCofWGdJJbdjw3S+0PfFb1JtGfTXE0oQ==",
      "peer": true,
      "engines": {
        "node": ">= 8"
      }
    },
    "node_modules/svelte-fa": {
      "version": "3.0.3",
      "resolved": "https://registry.npmjs.org/svelte-fa/-/svelte-fa-3.0.3.tgz",
      "integrity": "sha512-GIikJjcVCD+5Y/x9hZc2R4gvuA0gVftacuWu1a+zVQWSFjFYZ+hhU825x+QNs2slsppfrgmFiUyU9Sz9gj4Rdw=="
    },
    "node_modules/svelte-toasts": {
      "version": "1.1.2",
      "resolved": "https://registry.npmjs.org/svelte-toasts/-/svelte-toasts-1.1.2.tgz",
      "integrity": "sha512-m+yL4eEKXyJoyjTYaH1j1GFwF0Pi8YDqnVfwWPDmwi4712iZesv+TNCmToSNlav3R5Vkmc8ZBRkT8DOcu3sywQ=="
    },
    "node_modules/sveltestrap": {
      "version": "5.10.0",
      "resolved": "https://registry.npmjs.org/sveltestrap/-/sveltestrap-5.10.0.tgz",
      "integrity": "sha512-k6Ob+6G2AMYvBidXHBKM9W28fJqFHbmosqCe/NC8pv6TV7K+v47Yw+zmnLWkjqCzzmjkSLkL48SrHZrlWc9mYQ==",
      "dependencies": {
        "@popperjs/core": "^2.9.2"
      },
      "peerDependencies": {
        "svelte": "^3.29.0"
      }
    }
  }
}
